
Microsoft Visual Studio Solution File, Format Version 12.00
# Visual Studio 2012
Project("{FAE04EC0-301F-11D3-BF4B-00C04F79EFBC}") = "CSPractice3", "CSPractice3\CSPractice3.csproj", "{23A391B6-F03F-411F-92CD-6E26FCCE20E7}"
EndProject
Project("{FAE04EC0-301F-11D3-BF4B-00C04F79EFBC}") = "PropertyProject", "PropertyProject\PropertyProject.csproj", "{2164B8E0-2D6B-4BB7-A921-C77078AC5296}"
EndProject
Project("{FAE04EC0-301F-11D3-BF4B-00C04F79EFBC}") = "MethodProject", "MethodProject\MethodProject.csproj", "{094241A2-51AA-4272-84CE-DF6FEBD4FBAF}"
EndProject
Project("{FAE04EC0-301F-11D3-BF4B-00C04F79EFBC}") = "DelegateProject", "DelegateProject\DelegateProject.csproj", "{590A7543-F201-41C3-B8E5-01CC8ABED767}"
EndProject
Global
	GlobalSection(SolutionConfigurationPlatforms) = preSolution
		Debug|Any CPU = Debug|Any CPU
		Release|Any CPU = Release|Any CPU
	EndGlobalSection
	GlobalSection(ProjectConfigurationPlatforms) = postSolution
		{23A391B6-F03F-411F-92CD-6E26FCCE20E7}.Debug|Any CPU.ActiveCfg = Debug|Any CPU
		{23A391B6-F03F-411F-92CD-6E26FCCE20E7}.Debug|Any CPU.Build.0 = Debug|Any CPU
		{23A391B6-F03F-411F-92CD-6E26FCCE20E7}.Release|Any CPU.ActiveCfg = Release|Any CPU
		{23A391B6-F03F-411F-92CD-6E26FCCE20E7}.Release|Any CPU.Build.0 = Release|Any CPU
		{2164B8E0-2D6B-4BB7-A921-C77078AC5296}.Debug|Any CPU.ActiveCfg = Debug|Any CPU
		{2164B8E0-2D6B-4BB7-A921-C77078AC5296}.Debug|Any CPU.Build.0 = Debug|Any CPU
		{2164B8E0-2D6B-4BB7-A921-C77078AC5296}.Release|Any CPU.ActiveCfg = Release|Any CPU
		{2164B8E0-2D6B-4BB7-A921-C77078AC5296}.Release|Any CPU.Build.0 = Release|Any CPU
		{094241A2-51AA-4272-84CE-DF6FEBD4FBAF}.Debug|Any CPU.ActiveCfg = Debug|Any CPU
		{094241A2-51AA-4272-84CE-DF6FEBD4FBAF}.Debug|Any CPU.Build.0 = Debug|Any CPU
		{094241A2-51AA-4272-84CE-DF6FEBD4FBAF}.Release|Any CPU.ActiveCfg = Release|Any CPU
		{094241A2-51AA-4272-84CE-DF6FEBD4FBAF}.Release|Any CPU.Build.0 = Release|Any CPU
		{590A7543-F201-41C3-B8E5-01CC8ABED767}.Debug|Any CPU.ActiveCfg = Debug|Any CPU
		{590A7543-F201-41C3-B8E5-01CC8ABED767}.Debug|Any CPU.Build.0 = Debug|Any CPU
		{590A7543-F201-41C3-B8E5-01CC8ABED767}.Release|Any CPU.ActiveCfg = Release|Any CPU
		{590A7543-F201-41C3-B8E5-01CC8ABED767}.Release|Any CPU.Build.0 = Release|Any CPU
	EndGlobalSection
	GlobalSection(SolutionProperties) = preSolution
		HideSolutionNode = FALSE
	EndGlobalSection
EndGlobal
